
Microsoft Visual Studio Solution File, Format Version 12.00
# Visual Studio 15
VisualStudioVersion = 15.0.27004.2010
MinimumVisualStudioVersion = 10.0.40219.1
Project("{9A19103F-16F7-4668-BE54-9A1E7A4F7556}") = "Constant", "Constant\Constant.csproj", "{267C2C4F-030D-4283-AA9C-1B96E00F8BC5}"
EndProject
Project("{9A19103F-16F7-4668-BE54-9A1E7A4F7556}") = "Constant.Tests.Unit", "Constant.Tests.Unit\Constant.Tests.Unit.csproj", "{550EA9DC-B83A-470A-AAF1-CE7FCE61752E}"
EndProject
Project("{2150E333-8FDC-42A3-9474-1A3956D46DE8}") = "Solution Items", "Solution Items", "{21E59702-62C4-494E-81CF-FB9417F71851}"
	ProjectSection(SolutionItems) = preProject
		.editorconfig = .editorconfig
		CodeMaid.config = CodeMaid.config
	EndProjectSection
EndProject
Project("{FAE04EC0-301F-11D3-BF4B-00C04F79EFBC}") = "Constant.JsonConverter", "Constant.JsonConverter\Constant.JsonConverter.csproj", "{82342D99-387C-48A3-85A9-064BDA99E559}"
EndProject
Global
	GlobalSection(SolutionConfigurationPlatforms) = preSolution
		Debug|Any CPU = Debug|Any CPU
		Release|Any CPU = Release|Any CPU
	EndGlobalSection
	GlobalSection(ProjectConfigurationPlatforms) = postSolution
		{267C2C4F-030D-4283-AA9C-1B96E00F8BC5}.Debug|Any CPU.ActiveCfg = Debug|Any CPU
		{267C2C4F-030D-4283-AA9C-1B96E00F8BC5}.Debug|Any CPU.Build.0 = Debug|Any CPU
		{267C2C4F-030D-4283-AA9C-1B96E00F8BC5}.Release|Any CPU.ActiveCfg = Release|Any CPU
		{267C2C4F-030D-4283-AA9C-1B96E00F8BC5}.Release|Any CPU.Build.0 = Release|Any CPU
		{550EA9DC-B83A-470A-AAF1-CE7FCE61752E}.Debug|Any CPU.ActiveCfg = Debug|Any CPU
		{550EA9DC-B83A-470A-AAF1-CE7FCE61752E}.Debug|Any CPU.Build.0 = Debug|Any CPU
		{550EA9DC-B83A-470A-AAF1-CE7FCE61752E}.Release|Any CPU.ActiveCfg = Release|Any CPU
		{550EA9DC-B83A-470A-AAF1-CE7FCE61752E}.Release|Any CPU.Build.0 = Release|Any CPU
		{82342D99-387C-48A3-85A9-064BDA99E559}.Debug|Any CPU.ActiveCfg = Debug|Any CPU
		{82342D99-387C-48A3-85A9-064BDA99E559}.Debug|Any CPU.Build.0 = Debug|Any CPU
		{82342D99-387C-48A3-85A9-064BDA99E559}.Release|Any CPU.ActiveCfg = Release|Any CPU
		{82342D99-387C-48A3-85A9-064BDA99E559}.Release|Any CPU.Build.0 = Release|Any CPU
	EndGlobalSection
	GlobalSection(SolutionProperties) = preSolution
		HideSolutionNode = FALSE
	EndGlobalSection
	GlobalSection(ExtensibilityGlobals) = postSolution
		SolutionGuid = {78FEE597-71BA-4874-AA64-3433FCAC6AE7}
	EndGlobalSection
EndGlobal
